{
  "name": "relock-npm-lock-v2-sVeWFz",
  "lockfileVersion": 3,
  "requires": true,
  "packages": {
    "": {
      "dependencies": {
        "fern-api": "^0.122.1"
      }
    },
    "node_modules/fern-api": {
      "version": "0.122.1",
      "resolved": "https://registry.npmjs.org/fern-api/-/fern-api-0.122.1.tgz",
      "integrity": "sha512-CbQTTwupWDH7kXq4joVK5HCAiy2J+Yr72SufoV+SpjozMdNDGpK1S4dvTZtarakRyZC3N2UqIMWuHsMhIgCX9A==",
      "bin": {
        "fern": "cli.cjs"
      }
    }
  }
}
